# THIS IS AN AUTOGENERATED FILE. DO NOT EDIT THIS FILE DIRECTLY.
# yarn lockfile v1


coc-clangd@>=0.3.3:
  version "0.3.3"
  resolved "https://registry.yarnpkg.com/coc-clangd/-/coc-clangd-0.3.3.tgz#daa352d705760d88cfdd4237ef0fa1e0356c886e"
  integrity sha512-JYuwhTMsP7WT7e2wrxDtWvfJChj8fANY+uXWQ/ghy88p3UTMVN/+lbGXa4l9hm8vOSKx8mhewz+WM8mH3hp1vA==

coc-cmake@>=0.0.1:
  version "0.0.1"
  resolved "https://registry.yarnpkg.com/coc-cmake/-/coc-cmake-0.0.1.tgz#8905c30f20daf314b51c9969ad642af6abeea8e3"
  integrity sha512-wNkkJ3rFzzUDoJU6T0+u036OusqbaudkEwpiRoI/B2mlNnrjHsFEuGXbX9NRDMUlVfTS5V2Ko1kKks88L8h8gw==

coc-go@>=0.7.0:
  version "0.7.0"
  resolved "https://registry.yarnpkg.com/coc-go/-/coc-go-0.7.0.tgz#aa48e4311f3d21721ef616526b025cf18f91afe3"
  integrity sha512-ntDgRtLshBtxUuUXkkxH2S+xUWZW86ptrLO0pe74MzeS6m/Z744QvwSor+abHUTHO370nrUEUtGaQDUEh9p2BA==
  dependencies:
    tslib "^1.11.1"
    which "^2.0.2"

coc-json@>=1.2.5:
  version "1.2.5"
  resolved "https://registry.yarnpkg.com/coc-json/-/coc-json-1.2.5.tgz#c49b38991d52edb8d792a6e47b219a4d69119df2"
  integrity sha512-j8EAdxXxKxc5zHwCzdGAcnXzDXjtfbL6fNb9QIlBi2CkMIoARFyU4uZsIkMoROTMPaffHDFyzyAW2UJpbIJ0WQ==

isexe@^2.0.0:
  version "2.0.0"
  resolved "https://registry.yarnpkg.com/isexe/-/isexe-2.0.0.tgz#e8fbf374dc556ff8947a10dcb0572d633f2cfa10"
  integrity sha1-6PvzdNxVb/iUehDcsFctYz8s+hA=

tslib@^1.11.1:
  version "1.11.1"
  resolved "https://registry.yarnpkg.com/tslib/-/tslib-1.11.1.tgz#eb15d128827fbee2841549e171f45ed338ac7e35"
  integrity sha512-aZW88SY8kQbU7gpV19lN24LtXh/yD4ZZg6qieAJDDg+YBsJcSmLGK9QpnUjAKVG/xefmvJGd1WUmfpT/g6AJGA==

which@^2.0.2:
  version "2.0.2"
  resolved "https://registry.yarnpkg.com/which/-/which-2.0.2.tgz#7c6a8dd0a636a0327e10b59c9286eee93f3f51b1"
  integrity sha512-BLI3Tl1TW3Pvl70l3yq3Y64i+awpwXqsGBYWkkqMtnbXgrMD+yj7rhW0kuEDxzJaYXGjEW5ogapKNMEKNMjibA==
  dependencies:
    isexe "^2.0.0"
